
Microsoft Visual Studio Solution File, Format Version 12.00
# Visual Studio Version 16
VisualStudioVersion = 16.0.29709.97
MinimumVisualStudioVersion = 10.0.40219.1
Project("{FAE04EC0-301F-11D3-BF4B-00C04F79EFBC}") = "CommandeeredRacks.Android", "XaFirstMVVMNav\XaFirstMVVMNav.Android\CommandeeredRacks.Android.csproj", "{3384D5E6-376B-40C3-A007-D1AF55D9C61A}"
EndProject
Project("{9A19103F-16F7-4668-BE54-9A1E7A4F7556}") = "CommandeeredRacks", "XaFirstMVVMNav\XaFirstMVVMNav\CommandeeredRacks.csproj", "{4164F326-E626-46AB-AE76-95596982E4BA}"
EndProject
Global
	GlobalSection(SolutionConfigurationPlatforms) = preSolution
		Debug|Any CPU = Debug|Any CPU
		Release|Any CPU = Release|Any CPU
	EndGlobalSection
	GlobalSection(ProjectConfigurationPlatforms) = postSolution
		{3384D5E6-376B-40C3-A007-D1AF55D9C61A}.Debug|Any CPU.ActiveCfg = Debug|Any CPU
		{3384D5E6-376B-40C3-A007-D1AF55D9C61A}.Debug|Any CPU.Build.0 = Debug|Any CPU
		{3384D5E6-376B-40C3-A007-D1AF55D9C61A}.Debug|Any CPU.Deploy.0 = Debug|Any CPU
		{3384D5E6-376B-40C3-A007-D1AF55D9C61A}.Release|Any CPU.ActiveCfg = Release|Any CPU
		{3384D5E6-376B-40C3-A007-D1AF55D9C61A}.Release|Any CPU.Build.0 = Release|Any CPU
		{3384D5E6-376B-40C3-A007-D1AF55D9C61A}.Release|Any CPU.Deploy.0 = Release|Any CPU
		{4164F326-E626-46AB-AE76-95596982E4BA}.Debug|Any CPU.ActiveCfg = Debug|Any CPU
		{4164F326-E626-46AB-AE76-95596982E4BA}.Debug|Any CPU.Build.0 = Debug|Any CPU
		{4164F326-E626-46AB-AE76-95596982E4BA}.Debug|Any CPU.Deploy.0 = Debug|Any CPU
		{4164F326-E626-46AB-AE76-95596982E4BA}.Release|Any CPU.ActiveCfg = Release|Any CPU
		{4164F326-E626-46AB-AE76-95596982E4BA}.Release|Any CPU.Build.0 = Release|Any CPU
		{4164F326-E626-46AB-AE76-95596982E4BA}.Release|Any CPU.Deploy.0 = Release|Any CPU
	EndGlobalSection
	GlobalSection(SolutionProperties) = preSolution
		HideSolutionNode = FALSE
	EndGlobalSection
	GlobalSection(ExtensibilityGlobals) = postSolution
		SolutionGuid = {B8071A7C-7B53-4AEB-BFEB-46406BDE2AB1}
	EndGlobalSection
EndGlobal
